
Microsoft Visual Studio Solution File, Format Version 12.00
# Visual Studio 2013
VisualStudioVersion = 12.0.30110.0
MinimumVisualStudioVersion = 10.0.40219.1
Project("{FAE04EC0-301F-11D3-BF4B-00C04F79EFBC}") = "Customer_Tracker", "Customer_Tracker\Customer_Tracker.csproj", "{33DC9443-6CED-44E1-8441-E5B2CB45D6C6}"
EndProject
Project("{2150E333-8FDC-42A3-9474-1A3956D46DE8}") = "Solution Items", "Solution Items", "{AC748556-3C63-4F87-A6A2-40D0D39F6B3E}"
	ProjectSection(SolutionItems) = preProject
		Change_Log.txt = Change_Log.txt
		To_Do.txt = To_Do.txt
	EndProjectSection
EndProject
Project("{6141683F-8A12-4E36-9623-2EB02B2C2303}") = "Setup1.3.2", "Setup1.3.1\Setup1.3.2.isproj", "{D86C224E-D8FB-4A67-BADA-2476E7850948}"
	ProjectSection(ProjectDependencies) = postProject
		{33DC9443-6CED-44E1-8441-E5B2CB45D6C6} = {33DC9443-6CED-44E1-8441-E5B2CB45D6C6}
	EndProjectSection
EndProject
Global
	GlobalSection(SolutionConfigurationPlatforms) = preSolution
		CD_ROM|Any CPU = CD_ROM|Any CPU
		CD_ROM|Mixed Platforms = CD_ROM|Mixed Platforms
		CD_ROM|x86 = CD_ROM|x86
		Debug|Any CPU = Debug|Any CPU
		Debug|Mixed Platforms = Debug|Mixed Platforms
		Debug|x86 = Debug|x86
		DVD-5|Any CPU = DVD-5|Any CPU
		DVD-5|Mixed Platforms = DVD-5|Mixed Platforms
		DVD-5|x86 = DVD-5|x86
		Release|Any CPU = Release|Any CPU
		Release|Mixed Platforms = Release|Mixed Platforms
		Release|x86 = Release|x86
		SingleImage|Any CPU = SingleImage|Any CPU
		SingleImage|Mixed Platforms = SingleImage|Mixed Platforms
		SingleImage|x86 = SingleImage|x86
	EndGlobalSection
	GlobalSection(ProjectConfigurationPlatforms) = postSolution
		{33DC9443-6CED-44E1-8441-E5B2CB45D6C6}.CD_ROM|Any CPU.ActiveCfg = Release|Any CPU
		{33DC9443-6CED-44E1-8441-E5B2CB45D6C6}.CD_ROM|Any CPU.Build.0 = Release|Any CPU
		{33DC9443-6CED-44E1-8441-E5B2CB45D6C6}.CD_ROM|Mixed Platforms.ActiveCfg = Debug|Any CPU
		{33DC9443-6CED-44E1-8441-E5B2CB45D6C6}.CD_ROM|Mixed Platforms.Build.0 = Debug|Any CPU
		{33DC9443-6CED-44E1-8441-E5B2CB45D6C6}.CD_ROM|x86.ActiveCfg = Debug|Any CPU
		{33DC9443-6CED-44E1-8441-E5B2CB45D6C6}.Debug|Any CPU.ActiveCfg = Debug|Any CPU
		{33DC9443-6CED-44E1-8441-E5B2CB45D6C6}.Debug|Any CPU.Build.0 = Debug|Any CPU
		{33DC9443-6CED-44E1-8441-E5B2CB45D6C6}.Debug|Mixed Platforms.ActiveCfg = Debug|Any CPU
		{33DC9443-6CED-44E1-8441-E5B2CB45D6C6}.Debug|Mixed Platforms.Build.0 = Debug|Any CPU
		{33DC9443-6CED-44E1-8441-E5B2CB45D6C6}.Debug|x86.ActiveCfg = Debug|Any CPU
		{33DC9443-6CED-44E1-8441-E5B2CB45D6C6}.DVD-5|Any CPU.ActiveCfg = Debug|Any CPU
		{33DC9443-6CED-44E1-8441-E5B2CB45D6C6}.DVD-5|Any CPU.Build.0 = Debug|Any CPU
		{33DC9443-6CED-44E1-8441-E5B2CB45D6C6}.DVD-5|Mixed Platforms.ActiveCfg = Debug|Any CPU
		{33DC9443-6CED-44E1-8441-E5B2CB45D6C6}.DVD-5|Mixed Platforms.Build.0 = Debug|Any CPU
		{33DC9443-6CED-44E1-8441-E5B2CB45D6C6}.DVD-5|x86.ActiveCfg = Debug|Any CPU
		{33DC9443-6CED-44E1-8441-E5B2CB45D6C6}.Release|Any CPU.ActiveCfg = Release|Any CPU
		{33DC9443-6CED-44E1-8441-E5B2CB45D6C6}.Release|Any CPU.Build.0 = Release|Any CPU
		{33DC9443-6CED-44E1-8441-E5B2CB45D6C6}.Release|Mixed Platforms.ActiveCfg = Release|Any CPU
		{33DC9443-6CED-44E1-8441-E5B2CB45D6C6}.Release|Mixed Platforms.Build.0 = Release|Any CPU
		{33DC9443-6CED-44E1-8441-E5B2CB45D6C6}.Release|x86.ActiveCfg = Release|Any CPU
		{33DC9443-6CED-44E1-8441-E5B2CB45D6C6}.SingleImage|Any CPU.ActiveCfg = Release|Any CPU
		{33DC9443-6CED-44E1-8441-E5B2CB45D6C6}.SingleImage|Any CPU.Build.0 = Release|Any CPU
		{33DC9443-6CED-44E1-8441-E5B2CB45D6C6}.SingleImage|Mixed Platforms.ActiveCfg = Debug|Any CPU
		{33DC9443-6CED-44E1-8441-E5B2CB45D6C6}.SingleImage|Mixed Platforms.Build.0 = Debug|Any CPU
		{33DC9443-6CED-44E1-8441-E5B2CB45D6C6}.SingleImage|x86.ActiveCfg = Debug|Any CPU
		{D86C224E-D8FB-4A67-BADA-2476E7850948}.CD_ROM|Any CPU.ActiveCfg = CD_ROM
		{D86C224E-D8FB-4A67-BADA-2476E7850948}.CD_ROM|Any CPU.Build.0 = CD_ROM
		{D86C224E-D8FB-4A67-BADA-2476E7850948}.CD_ROM|Mixed Platforms.ActiveCfg = CD_ROM
		{D86C224E-D8FB-4A67-BADA-2476E7850948}.CD_ROM|Mixed Platforms.Build.0 = CD_ROM
		{D86C224E-D8FB-4A67-BADA-2476E7850948}.CD_ROM|x86.ActiveCfg = CD_ROM
		{D86C224E-D8FB-4A67-BADA-2476E7850948}.CD_ROM|x86.Build.0 = CD_ROM
		{D86C224E-D8FB-4A67-BADA-2476E7850948}.Debug|Any CPU.ActiveCfg = DVD-5
		{D86C224E-D8FB-4A67-BADA-2476E7850948}.Debug|Any CPU.Build.0 = DVD-5
		{D86C224E-D8FB-4A67-BADA-2476E7850948}.Debug|Mixed Platforms.ActiveCfg = DVD-5
		{D86C224E-D8FB-4A67-BADA-2476E7850948}.Debug|Mixed Platforms.Build.0 = DVD-5
		{D86C224E-D8FB-4A67-BADA-2476E7850948}.Debug|x86.ActiveCfg = DVD-5
		{D86C224E-D8FB-4A67-BADA-2476E7850948}.Debug|x86.Build.0 = DVD-5
		{D86C224E-D8FB-4A67-BADA-2476E7850948}.DVD-5|Any CPU.ActiveCfg = DVD-5
		{D86C224E-D8FB-4A67-BADA-2476E7850948}.DVD-5|Any CPU.Build.0 = DVD-5
		{D86C224E-D8FB-4A67-BADA-2476E7850948}.DVD-5|Mixed Platforms.ActiveCfg = DVD-5
		{D86C224E-D8FB-4A67-BADA-2476E7850948}.DVD-5|Mixed Platforms.Build.0 = DVD-5
		{D86C224E-D8FB-4A67-BADA-2476E7850948}.DVD-5|x86.ActiveCfg = DVD-5
		{D86C224E-D8FB-4A67-BADA-2476E7850948}.DVD-5|x86.Build.0 = DVD-5
		{D86C224E-D8FB-4A67-BADA-2476E7850948}.Release|Any CPU.ActiveCfg = SingleImage
		{D86C224E-D8FB-4A67-BADA-2476E7850948}.Release|Any CPU.Build.0 = SingleImage
		{D86C224E-D8FB-4A67-BADA-2476E7850948}.Release|Mixed Platforms.ActiveCfg = SingleImage
		{D86C224E-D8FB-4A67-BADA-2476E7850948}.Release|Mixed Platforms.Build.0 = SingleImage
		{D86C224E-D8FB-4A67-BADA-2476E7850948}.Release|x86.ActiveCfg = SingleImage
		{D86C224E-D8FB-4A67-BADA-2476E7850948}.Release|x86.Build.0 = SingleImage
		{D86C224E-D8FB-4A67-BADA-2476E7850948}.SingleImage|Any CPU.ActiveCfg = SingleImage
		{D86C224E-D8FB-4A67-BADA-2476E7850948}.SingleImage|Any CPU.Build.0 = SingleImage
		{D86C224E-D8FB-4A67-BADA-2476E7850948}.SingleImage|Mixed Platforms.ActiveCfg = SingleImage
		{D86C224E-D8FB-4A67-BADA-2476E7850948}.SingleImage|Mixed Platforms.Build.0 = SingleImage
		{D86C224E-D8FB-4A67-BADA-2476E7850948}.SingleImage|x86.ActiveCfg = SingleImage
		{D86C224E-D8FB-4A67-BADA-2476E7850948}.SingleImage|x86.Build.0 = SingleImage
	EndGlobalSection
	GlobalSection(SolutionProperties) = preSolution
		HideSolutionNode = FALSE
	EndGlobalSection
EndGlobal
